
Microsoft Visual Studio Solution File, Format Version 12.00
# Visual Studio Version 17
VisualStudioVersion = 17.0.32014.148
MinimumVisualStudioVersion = 10.0.40219.1
Project("{9A19103F-16F7-4668-BE54-9A1E7A4F7556}") = "SignalRStreaming.BL", "SignalRStreamingJson\SignalRStreaming.BL.csproj", "{A3469885-0B82-42D4-962C-8AEEF51037EF}"
EndProject
Project("{FAE04EC0-301F-11D3-BF4B-00C04F79EFBC}") = "SignalRStreaming.UI", "SignalRStreaming.UI\SignalRStreaming.UI.csproj", "{B2F9B187-D2EA-4219-939A-83A65D066014}"
EndProject
Global
	GlobalSection(SolutionConfigurationPlatforms) = preSolution
		Debug|Any CPU = Debug|Any CPU
		Release|Any CPU = Release|Any CPU
	EndGlobalSection
	GlobalSection(ProjectConfigurationPlatforms) = postSolution
		{A3469885-0B82-42D4-962C-8AEEF51037EF}.Debug|Any CPU.ActiveCfg = Debug|Any CPU
		{A3469885-0B82-42D4-962C-8AEEF51037EF}.Debug|Any CPU.Build.0 = Debug|Any CPU
		{A3469885-0B82-42D4-962C-8AEEF51037EF}.Release|Any CPU.ActiveCfg = Release|Any CPU
		{A3469885-0B82-42D4-962C-8AEEF51037EF}.Release|Any CPU.Build.0 = Release|Any CPU
		{B2F9B187-D2EA-4219-939A-83A65D066014}.Debug|Any CPU.ActiveCfg = Debug|Any CPU
		{B2F9B187-D2EA-4219-939A-83A65D066014}.Debug|Any CPU.Build.0 = Debug|Any CPU
		{B2F9B187-D2EA-4219-939A-83A65D066014}.Release|Any CPU.ActiveCfg = Release|Any CPU
		{B2F9B187-D2EA-4219-939A-83A65D066014}.Release|Any CPU.Build.0 = Release|Any CPU
	EndGlobalSection
	GlobalSection(SolutionProperties) = preSolution
		HideSolutionNode = FALSE
	EndGlobalSection
	GlobalSection(ExtensibilityGlobals) = postSolution
		SolutionGuid = {4780408D-9A03-4334-B97B-5F19625207CD}
	EndGlobalSection
EndGlobal
